{
  "version": 4,
  "terraform_version": "1.8.5",
  "serial": 48,
  "lineage": "cc6d4c4d-6016-9c1e-929e-ad3253180d83",
  "outputs": {
    "PrivateIP0": {
      "value": "172.31.32.66",
      "type": "string"
    },
    "PublicIP": {
      "value": "65.0.96.149",
      "type": "string"
    }
  },
  "resources": [
    {
      "mode": "managed",
      "type": "aws_instance",
      "name": "dove-inst",
      "provider": "provider[\"registry.terraform.io/hashicorp/aws\"]",
      "instances": [
        {
          "schema_version": 1,
          "attributes": {
            "ami": "ami-02b49a24cfb95941c",
            "arn": "arn:aws:ec2:ap-south-1:061051260889:instance/i-0632dced49c4609d9",
            "associate_public_ip_address": true,
            "availability_zone": "ap-south-1a",
            "capacity_reservation_specification": [
              {
                "capacity_reservation_preference": "open",
                "capacity_reservation_target": []
              }
            ],
            "cpu_core_count": 1,
            "cpu_options": [
              {
                "amd_sev_snp": "",
                "core_count": 1,
                "threads_per_core": 1
              }
            ],
            "cpu_threads_per_core": 1,
            "credit_specification": [
              {
                "cpu_credits": "standard"
              }
            ],
            "disable_api_stop": false,
            "disable_api_termination": false,
            "ebs_block_device": [],
            "ebs_optimized": false,
            "enclave_options": [
              {
                "enabled": false
              }
            ],
            "ephemeral_block_device": [],
            "get_password_data": false,
            "hibernation": false,
            "host_id": "",
            "host_resource_group_arn": null,
            "iam_instance_profile": "",
            "id": "i-0632dced49c4609d9",
            "instance_initiated_shutdown_behavior": "stop",
            "instance_lifecycle": "",
            "instance_market_options": [],
            "instance_state": "running",
            "instance_type": "t2.micro",
            "ipv6_address_count": 0,
            "ipv6_addresses": [],
            "key_name": "dovekey",
            "launch_template": [],
            "maintenance_options": [
              {
                "auto_recovery": "default"
              }
            ],
            "metadata_options": [
              {
                "http_endpoint": "enabled",
                "http_protocol_ipv6": "disabled",
                "http_put_response_hop_limit": 2,
                "http_tokens": "required",
                "instance_metadata_tags": "disabled"
              }
            ],
            "monitoring": false,
            "network_interface": [],
            "outpost_arn": "",
            "password_data": "",
            "placement_group": "",
            "placement_partition_number": 0,
            "primary_network_interface_id": "eni-0e46ef5653c2511b0",
            "private_dns": "ip-172-31-32-66.ap-south-1.compute.internal",
            "private_dns_name_options": [
              {
                "enable_resource_name_dns_a_record": false,
                "enable_resource_name_dns_aaaa_record": false,
                "hostname_type": "ip-name"
              }
            ],
            "private_ip": "172.31.32.66",
            "public_dns": "ec2-65-0-96-149.ap-south-1.compute.amazonaws.com",
            "public_ip": "65.0.96.149",
            "root_block_device": [
              {
                "delete_on_termination": true,
                "device_name": "/dev/xvda",
                "encrypted": false,
                "iops": 3000,
                "kms_key_id": "",
                "tags": {},
                "tags_all": {},
                "throughput": 125,
                "volume_id": "vol-0839b78411a9b84e4",
                "volume_size": 8,
                "volume_type": "gp3"
              }
            ],
            "secondary_private_ips": [],
            "security_groups": [
              "all-traffic"
            ],
            "source_dest_check": true,
            "spot_instance_request_id": "",
            "subnet_id": "subnet-0e3d55ed5e665071c",
            "tags": {
              "Name": "Dove-Instance",
              "project": "Dove"
            },
            "tags_all": {
              "Name": "Dove-Instance",
              "project": "Dove"
            },
            "tenancy": "default",
            "timeouts": null,
            "user_data": null,
            "user_data_base64": null,
            "user_data_replace_on_change": false,
            "volume_tags": null,
            "vpc_security_group_ids": [
              "sg-0281337eeff86e631"
            ]
          },
          "sensitive_attributes": [],
          "private": "eyJlMmJmYjczMC1lY2FhLTExZTYtOGY4OC0zNDM2M2JjN2M0YzAiOnsiY3JlYXRlIjo2MDAwMDAwMDAwMDAsImRlbGV0ZSI6MTIwMDAwMDAwMDAwMCwicmVhZCI6OTAwMDAwMDAwMDAwLCJ1cGRhdGUiOjYwMDAwMDAwMDAwMH0sInNjaGVtYV92ZXJzaW9uIjoiMSJ9",
          "dependencies": [
            "aws_key_pair.dove-key"
          ]
        }
      ]
    },
    {
      "mode": "managed",
      "type": "aws_key_pair",
      "name": "dove-key",
      "provider": "provider[\"registry.terraform.io/hashicorp/aws\"]",
      "instances": [
        {
          "schema_version": 1,
          "attributes": {
            "arn": "arn:aws:ec2:ap-south-1:061051260889:key-pair/dovekey",
            "fingerprint": "ff:b0:cc:26:d0:88:6d:ff:44:6d:1d:ee:6f:20:74:80",
            "id": "dovekey",
            "key_name": "dovekey",
            "key_name_prefix": "",
            "key_pair_id": "key-0c7efa3a21d27cbf4",
            "key_type": "rsa",
            "public_key": "ssh-rsa AAAAB3NzaC1yc2EAAAADAQABAAABgQDh38VJSuhLNSMTMxQJjb3/kX1RbNP6al1LgHQelflUbRnwgWE8xexM1PDCwHss1MVkGALJrUKMVuIKY+JnpeFkU/pg2URr9CqUG3uZuZ+jTW0M7dy3AEqSzFcPAausWPkbmuVdXCzr83oSnmVXLWR56jut7FVCna8M7cUzTvSkpHVMp26ZKENMBhk1n7wT92R7/kmtWCkhue9BlxXrt7PwdxRVpVNqZTxEPD/Qzj1NwncI730bcYo8gYV+XThxVMFk9OoJ7SUqWvXZUPpDkUg6DQbZawOsnmex+DsKrUtio+68iZfg67dnSedN7MCYTBMsU9Xv20r1EKuE80feC8AOhP3nb+a4dYshP67u2RfzUYDiACE6RBKGiBiH4dHtegwcGiryHvVjM+BQf12hxni1sjXklPEkGie/GBF3u3b23S1h3DJHnKqk0/DJJDuq02rCu6D4Z32xuJ8oLhgUkCssI2J2/piuGsefR9zcBGQS2RgqW9nD3I+1bt0AylCYveE= Junaid@DESKTOP-5K4Q4FE",
            "tags": null,
            "tags_all": {}
          },
          "sensitive_attributes": [],
          "private": "eyJzY2hlbWFfdmVyc2lvbiI6IjEifQ=="
        }
      ]
    }
  ],
  "check_results": null
}
